
Microsoft Visual Studio Solution File, Format Version 12.00
# Visual Studio Version 17
VisualStudioVersion = 17.8.34511.84
MinimumVisualStudioVersion = 10.0.40219.1
Project("{9A19103F-16F7-4668-BE54-9A1E7A4F7556}") = "AccelByte.PluginArch.SessionDsm.Demo.Server", "AccelByte.PluginArch.SessionDsm.Demo.Server\AccelByte.PluginArch.SessionDsm.Demo.Server.csproj", "{2081BA6F-6B24-47A8-AE86-C32483EDCDE2}"
EndProject
Global
	GlobalSection(SolutionConfigurationPlatforms) = preSolution
		Debug|Any CPU = Debug|Any CPU
		Release|Any CPU = Release|Any CPU
	EndGlobalSection
	GlobalSection(ProjectConfigurationPlatforms) = postSolution
		{2081BA6F-6B24-47A8-AE86-C32483EDCDE2}.Debug|Any CPU.ActiveCfg = Debug|Any CPU
		{2081BA6F-6B24-47A8-AE86-C32483EDCDE2}.Debug|Any CPU.Build.0 = Debug|Any CPU
		{2081BA6F-6B24-47A8-AE86-C32483EDCDE2}.Release|Any CPU.ActiveCfg = Release|Any CPU
		{2081BA6F-6B24-47A8-AE86-C32483EDCDE2}.Release|Any CPU.Build.0 = Release|Any CPU
	EndGlobalSection
	GlobalSection(SolutionProperties) = preSolution
		HideSolutionNode = FALSE
	EndGlobalSection
	GlobalSection(ExtensibilityGlobals) = postSolution
		SolutionGuid = {7E1FEA2C-5C39-4E30-B109-E918CFFABA3B}
	EndGlobalSection
EndGlobal
